
Microsoft Visual Studio Solution File, Format Version 12.00
# Visual Studio Version 17
VisualStudioVersion = 17.5.33530.505
MinimumVisualStudioVersion = 10.0.40219.1
Project("{FAE04EC0-301F-11D3-BF4B-00C04F79EFBC}") = "HireEcho", "HireEcho\HireEcho.csproj", "{0096FF73-A9FB-4062-B8E4-501C8F32CAEB}"
EndProject
Global
	GlobalSection(SolutionConfigurationPlatforms) = preSolution
		Debug|Any CPU = Debug|Any CPU
		Release|Any CPU = Release|Any CPU
	EndGlobalSection
	GlobalSection(ProjectConfigurationPlatforms) = postSolution
		{0096FF73-A9FB-4062-B8E4-501C8F32CAEB}.Debug|Any CPU.ActiveCfg = Debug|Any CPU
		{0096FF73-A9FB-4062-B8E4-501C8F32CAEB}.Debug|Any CPU.Build.0 = Debug|Any CPU
		{0096FF73-A9FB-4062-B8E4-501C8F32CAEB}.Release|Any CPU.ActiveCfg = Release|Any CPU
		{0096FF73-A9FB-4062-B8E4-501C8F32CAEB}.Release|Any CPU.Build.0 = Release|Any CPU
	EndGlobalSection
	GlobalSection(SolutionProperties) = preSolution
		HideSolutionNode = FALSE
	EndGlobalSection
	GlobalSection(ExtensibilityGlobals) = postSolution
		SolutionGuid = {4BB3C452-3684-4E53-98B9-93A2B053AC6B}
	EndGlobalSection
EndGlobal
